
Microsoft Visual Studio Solution File, Format Version 12.00
# Visual Studio 2013
VisualStudioVersion = 12.0.30723.0
MinimumVisualStudioVersion = 10.0.40219.1
Project("{FAE04EC0-301F-11D3-BF4B-00C04F79EFBC}") = "DiscoveryCenter", "DiscoveryCenter\DiscoveryCenter.csproj", "{F294C0BC-9355-4B93-AF84-FF7A85450031}"
EndProject
Global
	GlobalSection(SolutionConfigurationPlatforms) = preSolution
		Debug|Any CPU = Debug|Any CPU
		Release|Any CPU = Release|Any CPU
	EndGlobalSection
	GlobalSection(ProjectConfigurationPlatforms) = postSolution
		{F294C0BC-9355-4B93-AF84-FF7A85450031}.Debug|Any CPU.ActiveCfg = Debug|Any CPU
		{F294C0BC-9355-4B93-AF84-FF7A85450031}.Debug|Any CPU.Build.0 = Debug|Any CPU
		{F294C0BC-9355-4B93-AF84-FF7A85450031}.Release|Any CPU.ActiveCfg = Release|Any CPU
		{F294C0BC-9355-4B93-AF84-FF7A85450031}.Release|Any CPU.Build.0 = Release|Any CPU
	EndGlobalSection
	GlobalSection(SolutionProperties) = preSolution
		HideSolutionNode = FALSE
	EndGlobalSection
EndGlobal
